
Microsoft Visual Studio Solution File, Format Version 12.00
# Visual Studio Version 17
VisualStudioVersion = 17.5.002.0
MinimumVisualStudioVersion = 10.0.40219.1
Project("{2150E333-8FDC-42A3-9474-1A3956D46DE8}") = "Start", "Start", "{592E2C0F-4E15-4451-9E48-6BD645531D48}"
EndProject
Project("{2150E333-8FDC-42A3-9474-1A3956D46DE8}") = "Files", "Files", "{1455EC17-A7B4-48C8-84A9-A119E8F6D551}"
EndProject
Project("{9A19103F-16F7-4668-BE54-9A1E7A4F7556}") = "CreateFiles", "Start\Files\CreateFiles\CreateFiles.csproj", "{9C34F8AF-522C-4180-8AA0-BF55E0D06548}"
EndProject
Project("{9A19103F-16F7-4668-BE54-9A1E7A4F7556}") = "Directories", "Start\Files\Directories\Directories.csproj", "{76B3A590-2898-4577-BF8D-8B0A11EF9EC7}"
EndProject
Project("{9A19103F-16F7-4668-BE54-9A1E7A4F7556}") = "FileInfo", "Start\Files\FileInfo\FileInfo.csproj", "{1ED00278-0CCF-4507-A1A9-03F6416DC625}"
EndProject
Project("{9A19103F-16F7-4668-BE54-9A1E7A4F7556}") = "ReadWriteFiles", "Start\Files\ReadWriteFiles\ReadWriteFiles.csproj", "{7B06EFD8-B5E1-41E1-989F-69D9E1C14D51}"
EndProject
Project("{2150E333-8FDC-42A3-9474-1A3956D46DE8}") = "NumbersDates", "NumbersDates", "{85EBBD5C-CF48-45BD-A801-C3A182FA8E0E}"
EndProject
Project("{9A19103F-16F7-4668-BE54-9A1E7A4F7556}") = "DateTimeClass", "Start\NumbersDates\DateTimeClass\DateTimeClass.csproj", "{E49CA7A8-6836-4498-8112-57343733AF9F}"
EndProject
Project("{9A19103F-16F7-4668-BE54-9A1E7A4F7556}") = "FormatDates", "Start\NumbersDates\FormatDates\FormatDates.csproj", "{161B5219-04DC-46E1-B0EB-71007A699F59}"
EndProject
Project("{9A19103F-16F7-4668-BE54-9A1E7A4F7556}") = "FormatNumbers", "Start\NumbersDates\FormatNumbers\FormatNumbers.csproj", "{7F8F21F7-C0CC-4D98-B608-DAAF1C503083}"
EndProject
Project("{9A19103F-16F7-4668-BE54-9A1E7A4F7556}") = "ParseDates", "Start\NumbersDates\ParseDates\ParseDates.csproj", "{C3340C87-8785-4AAB-948F-C0D05DED0EC8}"
EndProject
Project("{9A19103F-16F7-4668-BE54-9A1E7A4F7556}") = "ParseNumbers", "Start\NumbersDates\ParseNumbers\ParseNumbers.csproj", "{8AB56E4F-E6C4-47CF-99C7-92B462DD99C1}"
EndProject
Project("{2150E333-8FDC-42A3-9474-1A3956D46DE8}") = "Overview", "Overview", "{F5D771B0-ACB1-4A98-8AC5-408A87213C21}"
EndProject
Project("{9A19103F-16F7-4668-BE54-9A1E7A4F7556}") = "DataTypes", "Start\Overview\DataTypes\DataTypes.csproj", "{F0C89452-4F4B-4600-BFC3-D595E1C42315}"
EndProject
Project("{9A19103F-16F7-4668-BE54-9A1E7A4F7556}") = "GarbageCollect", "Start\Overview\GarbageCollect\GarbageCollect.csproj", "{E8FD0A78-8779-4A83-8420-1ECFFD44F436}"
EndProject
Project("{9A19103F-16F7-4668-BE54-9A1E7A4F7556}") = "MyConsoleApp", "Start\Overview\MyConsoleApp\MyConsoleApp.csproj", "{AE0B8810-7B77-413F-A497-DB4087C9EF79}"
EndProject
Project("{2150E333-8FDC-42A3-9474-1A3956D46DE8}") = "Regex", "Regex", "{3C6BE586-B1AF-4317-8AB6-BB4BCEF91FE3}"
EndProject
Project("{9A19103F-16F7-4668-BE54-9A1E7A4F7556}") = "Finding", "Start\Regex\Finding\Finding.csproj", "{AA36D4C8-4C06-4E6D-86FD-A1C1E07FDBE1}"
EndProject
Project("{9A19103F-16F7-4668-BE54-9A1E7A4F7556}") = "Replacing", "Start\Regex\Replacing\Replacing.csproj", "{3ABA5F0F-7947-4295-B7C6-9E3456381595}"
EndProject
Project("{9A19103F-16F7-4668-BE54-9A1E7A4F7556}") = "RegexTimeouts", "Start\Regex\Timeouts\RegexTimeouts.csproj", "{F7E6ED9E-DAEB-4241-8935-277AECDD5C94}"
EndProject
Project("{2150E333-8FDC-42A3-9474-1A3956D46DE8}") = "Strings", "Strings", "{39D766E7-E0D1-425A-8646-C7303C6A14E1}"
EndProject
Project("{9A19103F-16F7-4668-BE54-9A1E7A4F7556}") = "Formatting", "Start\Strings\Formatting\Formatting.csproj", "{69801DFE-729E-43FB-B05F-246CA7086EE8}"
EndProject
Project("{9A19103F-16F7-4668-BE54-9A1E7A4F7556}") = "Interpolation", "Start\Strings\Interpolation\Interpolation.csproj", "{94DF2D3E-C427-4AC0-AAE3-2329AD33A29B}"
EndProject
Project("{9A19103F-16F7-4668-BE54-9A1E7A4F7556}") = "Manipulation", "Start\Strings\Manipulation\Manipulation.csproj", "{A65F3AF9-29D2-4115-A61A-798266BDD023}"
EndProject
Project("{9A19103F-16F7-4668-BE54-9A1E7A4F7556}") = "Searching", "Start\Strings\Searching\Searching.csproj", "{0A7771A6-E8C1-41CB-A637-D520B8C741B8}"
EndProject
Global
	GlobalSection(SolutionConfigurationPlatforms) = preSolution
		Debug|Any CPU = Debug|Any CPU
		Release|Any CPU = Release|Any CPU
	EndGlobalSection
	GlobalSection(ProjectConfigurationPlatforms) = postSolution
		{9C34F8AF-522C-4180-8AA0-BF55E0D06548}.Debug|Any CPU.ActiveCfg = Debug|Any CPU
		{9C34F8AF-522C-4180-8AA0-BF55E0D06548}.Debug|Any CPU.Build.0 = Debug|Any CPU
		{9C34F8AF-522C-4180-8AA0-BF55E0D06548}.Release|Any CPU.ActiveCfg = Release|Any CPU
		{9C34F8AF-522C-4180-8AA0-BF55E0D06548}.Release|Any CPU.Build.0 = Release|Any CPU
		{76B3A590-2898-4577-BF8D-8B0A11EF9EC7}.Debug|Any CPU.ActiveCfg = Debug|Any CPU
		{76B3A590-2898-4577-BF8D-8B0A11EF9EC7}.Debug|Any CPU.Build.0 = Debug|Any CPU
		{76B3A590-2898-4577-BF8D-8B0A11EF9EC7}.Release|Any CPU.ActiveCfg = Release|Any CPU
		{76B3A590-2898-4577-BF8D-8B0A11EF9EC7}.Release|Any CPU.Build.0 = Release|Any CPU
		{1ED00278-0CCF-4507-A1A9-03F6416DC625}.Debug|Any CPU.ActiveCfg = Debug|Any CPU
		{1ED00278-0CCF-4507-A1A9-03F6416DC625}.Debug|Any CPU.Build.0 = Debug|Any CPU
		{1ED00278-0CCF-4507-A1A9-03F6416DC625}.Release|Any CPU.ActiveCfg = Release|Any CPU
		{1ED00278-0CCF-4507-A1A9-03F6416DC625}.Release|Any CPU.Build.0 = Release|Any CPU
		{7B06EFD8-B5E1-41E1-989F-69D9E1C14D51}.Debug|Any CPU.ActiveCfg = Debug|Any CPU
		{7B06EFD8-B5E1-41E1-989F-69D9E1C14D51}.Debug|Any CPU.Build.0 = Debug|Any CPU
		{7B06EFD8-B5E1-41E1-989F-69D9E1C14D51}.Release|Any CPU.ActiveCfg = Release|Any CPU
		{7B06EFD8-B5E1-41E1-989F-69D9E1C14D51}.Release|Any CPU.Build.0 = Release|Any CPU
		{E49CA7A8-6836-4498-8112-57343733AF9F}.Debug|Any CPU.ActiveCfg = Debug|Any CPU
		{E49CA7A8-6836-4498-8112-57343733AF9F}.Debug|Any CPU.Build.0 = Debug|Any CPU
		{E49CA7A8-6836-4498-8112-57343733AF9F}.Release|Any CPU.ActiveCfg = Release|Any CPU
		{E49CA7A8-6836-4498-8112-57343733AF9F}.Release|Any CPU.Build.0 = Release|Any CPU
		{161B5219-04DC-46E1-B0EB-71007A699F59}.Debug|Any CPU.ActiveCfg = Debug|Any CPU
		{161B5219-04DC-46E1-B0EB-71007A699F59}.Debug|Any CPU.Build.0 = Debug|Any CPU
		{161B5219-04DC-46E1-B0EB-71007A699F59}.Release|Any CPU.ActiveCfg = Release|Any CPU
		{161B5219-04DC-46E1-B0EB-71007A699F59}.Release|Any CPU.Build.0 = Release|Any CPU
		{7F8F21F7-C0CC-4D98-B608-DAAF1C503083}.Debug|Any CPU.ActiveCfg = Debug|Any CPU
		{7F8F21F7-C0CC-4D98-B608-DAAF1C503083}.Debug|Any CPU.Build.0 = Debug|Any CPU
		{7F8F21F7-C0CC-4D98-B608-DAAF1C503083}.Release|Any CPU.ActiveCfg = Release|Any CPU
		{7F8F21F7-C0CC-4D98-B608-DAAF1C503083}.Release|Any CPU.Build.0 = Release|Any CPU
		{C3340C87-8785-4AAB-948F-C0D05DED0EC8}.Debug|Any CPU.ActiveCfg = Debug|Any CPU
		{C3340C87-8785-4AAB-948F-C0D05DED0EC8}.Debug|Any CPU.Build.0 = Debug|Any CPU
		{C3340C87-8785-4AAB-948F-C0D05DED0EC8}.Release|Any CPU.ActiveCfg = Release|Any CPU
		{C3340C87-8785-4AAB-948F-C0D05DED0EC8}.Release|Any CPU.Build.0 = Release|Any CPU
		{8AB56E4F-E6C4-47CF-99C7-92B462DD99C1}.Debug|Any CPU.ActiveCfg = Debug|Any CPU
		{8AB56E4F-E6C4-47CF-99C7-92B462DD99C1}.Debug|Any CPU.Build.0 = Debug|Any CPU
		{8AB56E4F-E6C4-47CF-99C7-92B462DD99C1}.Release|Any CPU.ActiveCfg = Release|Any CPU
		{8AB56E4F-E6C4-47CF-99C7-92B462DD99C1}.Release|Any CPU.Build.0 = Release|Any CPU
		{F0C89452-4F4B-4600-BFC3-D595E1C42315}.Debug|Any CPU.ActiveCfg = Debug|Any CPU
		{F0C89452-4F4B-4600-BFC3-D595E1C42315}.Debug|Any CPU.Build.0 = Debug|Any CPU
		{F0C89452-4F4B-4600-BFC3-D595E1C42315}.Release|Any CPU.ActiveCfg = Release|Any CPU
		{F0C89452-4F4B-4600-BFC3-D595E1C42315}.Release|Any CPU.Build.0 = Release|Any CPU
		{E8FD0A78-8779-4A83-8420-1ECFFD44F436}.Debug|Any CPU.ActiveCfg = Debug|Any CPU
		{E8FD0A78-8779-4A83-8420-1ECFFD44F436}.Debug|Any CPU.Build.0 = Debug|Any CPU
		{E8FD0A78-8779-4A83-8420-1ECFFD44F436}.Release|Any CPU.ActiveCfg = Release|Any CPU
		{E8FD0A78-8779-4A83-8420-1ECFFD44F436}.Release|Any CPU.Build.0 = Release|Any CPU
		{AE0B8810-7B77-413F-A497-DB4087C9EF79}.Debug|Any CPU.ActiveCfg = Debug|Any CPU
		{AE0B8810-7B77-413F-A497-DB4087C9EF79}.Debug|Any CPU.Build.0 = Debug|Any CPU
		{AE0B8810-7B77-413F-A497-DB4087C9EF79}.Release|Any CPU.ActiveCfg = Release|Any CPU
		{AE0B8810-7B77-413F-A497-DB4087C9EF79}.Release|Any CPU.Build.0 = Release|Any CPU
		{AA36D4C8-4C06-4E6D-86FD-A1C1E07FDBE1}.Debug|Any CPU.ActiveCfg = Debug|Any CPU
		{AA36D4C8-4C06-4E6D-86FD-A1C1E07FDBE1}.Debug|Any CPU.Build.0 = Debug|Any CPU
		{AA36D4C8-4C06-4E6D-86FD-A1C1E07FDBE1}.Release|Any CPU.ActiveCfg = Release|Any CPU
		{AA36D4C8-4C06-4E6D-86FD-A1C1E07FDBE1}.Release|Any CPU.Build.0 = Release|Any CPU
		{3ABA5F0F-7947-4295-B7C6-9E3456381595}.Debug|Any CPU.ActiveCfg = Debug|Any CPU
		{3ABA5F0F-7947-4295-B7C6-9E3456381595}.Debug|Any CPU.Build.0 = Debug|Any CPU
		{3ABA5F0F-7947-4295-B7C6-9E3456381595}.Release|Any CPU.ActiveCfg = Release|Any CPU
		{3ABA5F0F-7947-4295-B7C6-9E3456381595}.Release|Any CPU.Build.0 = Release|Any CPU
		{F7E6ED9E-DAEB-4241-8935-277AECDD5C94}.Debug|Any CPU.ActiveCfg = Debug|Any CPU
		{F7E6ED9E-DAEB-4241-8935-277AECDD5C94}.Debug|Any CPU.Build.0 = Debug|Any CPU
		{F7E6ED9E-DAEB-4241-8935-277AECDD5C94}.Release|Any CPU.ActiveCfg = Release|Any CPU
		{F7E6ED9E-DAEB-4241-8935-277AECDD5C94}.Release|Any CPU.Build.0 = Release|Any CPU
		{69801DFE-729E-43FB-B05F-246CA7086EE8}.Debug|Any CPU.ActiveCfg = Debug|Any CPU
		{69801DFE-729E-43FB-B05F-246CA7086EE8}.Debug|Any CPU.Build.0 = Debug|Any CPU
		{69801DFE-729E-43FB-B05F-246CA7086EE8}.Release|Any CPU.ActiveCfg = Release|Any CPU
		{69801DFE-729E-43FB-B05F-246CA7086EE8}.Release|Any CPU.Build.0 = Release|Any CPU
		{94DF2D3E-C427-4AC0-AAE3-2329AD33A29B}.Debug|Any CPU.ActiveCfg = Debug|Any CPU
		{94DF2D3E-C427-4AC0-AAE3-2329AD33A29B}.Debug|Any CPU.Build.0 = Debug|Any CPU
		{94DF2D3E-C427-4AC0-AAE3-2329AD33A29B}.Release|Any CPU.ActiveCfg = Release|Any CPU
		{94DF2D3E-C427-4AC0-AAE3-2329AD33A29B}.Release|Any CPU.Build.0 = Release|Any CPU
		{A65F3AF9-29D2-4115-A61A-798266BDD023}.Debug|Any CPU.ActiveCfg = Debug|Any CPU
		{A65F3AF9-29D2-4115-A61A-798266BDD023}.Debug|Any CPU.Build.0 = Debug|Any CPU
		{A65F3AF9-29D2-4115-A61A-798266BDD023}.Release|Any CPU.ActiveCfg = Release|Any CPU
		{A65F3AF9-29D2-4115-A61A-798266BDD023}.Release|Any CPU.Build.0 = Release|Any CPU
		{0A7771A6-E8C1-41CB-A637-D520B8C741B8}.Debug|Any CPU.ActiveCfg = Debug|Any CPU
		{0A7771A6-E8C1-41CB-A637-D520B8C741B8}.Debug|Any CPU.Build.0 = Debug|Any CPU
		{0A7771A6-E8C1-41CB-A637-D520B8C741B8}.Release|Any CPU.ActiveCfg = Release|Any CPU
		{0A7771A6-E8C1-41CB-A637-D520B8C741B8}.Release|Any CPU.Build.0 = Release|Any CPU
	EndGlobalSection
	GlobalSection(SolutionProperties) = preSolution
		HideSolutionNode = FALSE
	EndGlobalSection
	GlobalSection(NestedProjects) = preSolution
		{1455EC17-A7B4-48C8-84A9-A119E8F6D551} = {592E2C0F-4E15-4451-9E48-6BD645531D48}
		{9C34F8AF-522C-4180-8AA0-BF55E0D06548} = {1455EC17-A7B4-48C8-84A9-A119E8F6D551}
		{76B3A590-2898-4577-BF8D-8B0A11EF9EC7} = {1455EC17-A7B4-48C8-84A9-A119E8F6D551}
		{1ED00278-0CCF-4507-A1A9-03F6416DC625} = {1455EC17-A7B4-48C8-84A9-A119E8F6D551}
		{7B06EFD8-B5E1-41E1-989F-69D9E1C14D51} = {1455EC17-A7B4-48C8-84A9-A119E8F6D551}
		{85EBBD5C-CF48-45BD-A801-C3A182FA8E0E} = {592E2C0F-4E15-4451-9E48-6BD645531D48}
		{E49CA7A8-6836-4498-8112-57343733AF9F} = {85EBBD5C-CF48-45BD-A801-C3A182FA8E0E}
		{161B5219-04DC-46E1-B0EB-71007A699F59} = {85EBBD5C-CF48-45BD-A801-C3A182FA8E0E}
		{7F8F21F7-C0CC-4D98-B608-DAAF1C503083} = {85EBBD5C-CF48-45BD-A801-C3A182FA8E0E}
		{C3340C87-8785-4AAB-948F-C0D05DED0EC8} = {85EBBD5C-CF48-45BD-A801-C3A182FA8E0E}
		{8AB56E4F-E6C4-47CF-99C7-92B462DD99C1} = {85EBBD5C-CF48-45BD-A801-C3A182FA8E0E}
		{F5D771B0-ACB1-4A98-8AC5-408A87213C21} = {592E2C0F-4E15-4451-9E48-6BD645531D48}
		{F0C89452-4F4B-4600-BFC3-D595E1C42315} = {F5D771B0-ACB1-4A98-8AC5-408A87213C21}
		{E8FD0A78-8779-4A83-8420-1ECFFD44F436} = {F5D771B0-ACB1-4A98-8AC5-408A87213C21}
		{AE0B8810-7B77-413F-A497-DB4087C9EF79} = {F5D771B0-ACB1-4A98-8AC5-408A87213C21}
		{3C6BE586-B1AF-4317-8AB6-BB4BCEF91FE3} = {592E2C0F-4E15-4451-9E48-6BD645531D48}
		{AA36D4C8-4C06-4E6D-86FD-A1C1E07FDBE1} = {3C6BE586-B1AF-4317-8AB6-BB4BCEF91FE3}
		{3ABA5F0F-7947-4295-B7C6-9E3456381595} = {3C6BE586-B1AF-4317-8AB6-BB4BCEF91FE3}
		{F7E6ED9E-DAEB-4241-8935-277AECDD5C94} = {3C6BE586-B1AF-4317-8AB6-BB4BCEF91FE3}
		{39D766E7-E0D1-425A-8646-C7303C6A14E1} = {592E2C0F-4E15-4451-9E48-6BD645531D48}
		{69801DFE-729E-43FB-B05F-246CA7086EE8} = {39D766E7-E0D1-425A-8646-C7303C6A14E1}
		{94DF2D3E-C427-4AC0-AAE3-2329AD33A29B} = {39D766E7-E0D1-425A-8646-C7303C6A14E1}
		{A65F3AF9-29D2-4115-A61A-798266BDD023} = {39D766E7-E0D1-425A-8646-C7303C6A14E1}
		{0A7771A6-E8C1-41CB-A637-D520B8C741B8} = {39D766E7-E0D1-425A-8646-C7303C6A14E1}
	EndGlobalSection
	GlobalSection(ExtensibilityGlobals) = postSolution
		SolutionGuid = {679A1AFA-C100-4513-B9FF-39665E56760E}
	EndGlobalSection
EndGlobal
